
Microsoft Visual Studio Solution File, Format Version 12.00
# Visual Studio Version 17
VisualStudioVersion = 17.2.32519.379
MinimumVisualStudioVersion = 10.0.40219.1
Project("{FAE04EC0-301F-11D3-BF4B-00C04F79EFBC}") = "GenericControllersTest", "GenericControllersTest\GenericControllersTest.csproj", "{52255328-B1D1-44A6-B424-F795C3211270}"
EndProject
Project("{FAE04EC0-301F-11D3-BF4B-00C04F79EFBC}") = "Riva.Input", "Riva.Input\Riva.Input.csproj", "{61D5A386-2A29-409D-A353-7D50005282C4}"
EndProject
Project("{FAE04EC0-301F-11D3-BF4B-00C04F79EFBC}") = "TestsConsole", "TestsConsole\TestsConsole.csproj", "{9715073E-9B65-49B1-934A-4AAE5A9F1C45}"
EndProject
Project("{FAE04EC0-301F-11D3-BF4B-00C04F79EFBC}") = "PnPDevicesInfoGrabber", "PnPDevicesInfoGrabber\PnPDevicesInfoGrabber.csproj", "{CD6231F8-484A-4609-800A-E8013BCA0DB5}"
EndProject
Project("{FAE04EC0-301F-11D3-BF4B-00C04F79EFBC}") = "Riva.Input.FrbNetFramework", "Riva.Input.FrbNetFramework\Riva.Input.FrbNetFramework.csproj", "{BCCB1030-4DFB-4208-AAFA-8E4E557939E4}"
EndProject
Global
	GlobalSection(SolutionConfigurationPlatforms) = preSolution
		Debug|Any CPU = Debug|Any CPU
		Debug|x86 = Debug|x86
		Release|Any CPU = Release|Any CPU
		Release|x86 = Release|x86
	EndGlobalSection
	GlobalSection(ProjectConfigurationPlatforms) = postSolution
		{52255328-B1D1-44A6-B424-F795C3211270}.Debug|Any CPU.ActiveCfg = Debug|Any CPU
		{52255328-B1D1-44A6-B424-F795C3211270}.Debug|Any CPU.Build.0 = Debug|Any CPU
		{52255328-B1D1-44A6-B424-F795C3211270}.Debug|x86.ActiveCfg = Debug|x86
		{52255328-B1D1-44A6-B424-F795C3211270}.Debug|x86.Build.0 = Debug|x86
		{52255328-B1D1-44A6-B424-F795C3211270}.Release|Any CPU.ActiveCfg = Release|Any CPU
		{52255328-B1D1-44A6-B424-F795C3211270}.Release|Any CPU.Build.0 = Release|Any CPU
		{52255328-B1D1-44A6-B424-F795C3211270}.Release|x86.ActiveCfg = Release|x86
		{52255328-B1D1-44A6-B424-F795C3211270}.Release|x86.Build.0 = Release|x86
		{61D5A386-2A29-409D-A353-7D50005282C4}.Debug|Any CPU.ActiveCfg = Debug|Any CPU
		{61D5A386-2A29-409D-A353-7D50005282C4}.Debug|Any CPU.Build.0 = Debug|Any CPU
		{61D5A386-2A29-409D-A353-7D50005282C4}.Debug|x86.ActiveCfg = Debug|x86
		{61D5A386-2A29-409D-A353-7D50005282C4}.Debug|x86.Build.0 = Debug|x86
		{61D5A386-2A29-409D-A353-7D50005282C4}.Release|Any CPU.ActiveCfg = Release|Any CPU
		{61D5A386-2A29-409D-A353-7D50005282C4}.Release|Any CPU.Build.0 = Release|Any CPU
		{61D5A386-2A29-409D-A353-7D50005282C4}.Release|x86.ActiveCfg = Release|x86
		{61D5A386-2A29-409D-A353-7D50005282C4}.Release|x86.Build.0 = Release|x86
		{9715073E-9B65-49B1-934A-4AAE5A9F1C45}.Debug|Any CPU.ActiveCfg = Debug|Any CPU
		{9715073E-9B65-49B1-934A-4AAE5A9F1C45}.Debug|Any CPU.Build.0 = Debug|Any CPU
		{9715073E-9B65-49B1-934A-4AAE5A9F1C45}.Debug|x86.ActiveCfg = Debug|x86
		{9715073E-9B65-49B1-934A-4AAE5A9F1C45}.Release|Any CPU.ActiveCfg = Release|Any CPU
		{9715073E-9B65-49B1-934A-4AAE5A9F1C45}.Release|Any CPU.Build.0 = Release|Any CPU
		{9715073E-9B65-49B1-934A-4AAE5A9F1C45}.Release|x86.ActiveCfg = Release|x86
		{CD6231F8-484A-4609-800A-E8013BCA0DB5}.Debug|Any CPU.ActiveCfg = Debug|Any CPU
		{CD6231F8-484A-4609-800A-E8013BCA0DB5}.Debug|Any CPU.Build.0 = Debug|Any CPU
		{CD6231F8-484A-4609-800A-E8013BCA0DB5}.Debug|x86.ActiveCfg = Debug|x86
		{CD6231F8-484A-4609-800A-E8013BCA0DB5}.Debug|x86.Build.0 = Debug|x86
		{CD6231F8-484A-4609-800A-E8013BCA0DB5}.Release|Any CPU.ActiveCfg = Release|Any CPU
		{CD6231F8-484A-4609-800A-E8013BCA0DB5}.Release|Any CPU.Build.0 = Release|Any CPU
		{CD6231F8-484A-4609-800A-E8013BCA0DB5}.Release|x86.ActiveCfg = Release|Any CPU
		{CD6231F8-484A-4609-800A-E8013BCA0DB5}.Release|x86.Build.0 = Release|Any CPU
		{BCCB1030-4DFB-4208-AAFA-8E4E557939E4}.Debug|Any CPU.ActiveCfg = Debug|Any CPU
		{BCCB1030-4DFB-4208-AAFA-8E4E557939E4}.Debug|Any CPU.Build.0 = Debug|Any CPU
		{BCCB1030-4DFB-4208-AAFA-8E4E557939E4}.Debug|x86.ActiveCfg = Debug|Any CPU
		{BCCB1030-4DFB-4208-AAFA-8E4E557939E4}.Debug|x86.Build.0 = Debug|Any CPU
		{BCCB1030-4DFB-4208-AAFA-8E4E557939E4}.Release|Any CPU.ActiveCfg = Release|Any CPU
		{BCCB1030-4DFB-4208-AAFA-8E4E557939E4}.Release|Any CPU.Build.0 = Release|Any CPU
		{BCCB1030-4DFB-4208-AAFA-8E4E557939E4}.Release|x86.ActiveCfg = Release|Any CPU
		{BCCB1030-4DFB-4208-AAFA-8E4E557939E4}.Release|x86.Build.0 = Release|Any CPU
	EndGlobalSection
	GlobalSection(SolutionProperties) = preSolution
		HideSolutionNode = FALSE
	EndGlobalSection
	GlobalSection(ExtensibilityGlobals) = postSolution
		SolutionGuid = {9A42D165-7544-44B9-9BFE-FDB698E6541C}
	EndGlobalSection
EndGlobal
